// !$*UTF8*$!
{
	archiveVersion = 1;
	classes = {
	};
	objectVersion = 50;
	objects = {

/* Begin PBXBuildFile section */
		179C6322223A039600236A9C /* UIView+Constraints.swift in Sources */ = {isa = PBXBuildFile; fileRef = 179C6321223A039600236A9C /* UIView+Constraints.swift */; };
		179C6324223A110F00236A9C /* Owner.swift in Sources */ = {isa = PBXBuildFile; fileRef = 179C6323223A110F00236A9C /* Owner.swift */; };
		179C6328223A129E00236A9C /* HomePresenter.swift in Sources */ = {isa = PBXBuildFile; fileRef = 179C6327223A129E00236A9C /* HomePresenter.swift */; };
		179C632A223A14F000236A9C /* Repository.swift in Sources */ = {isa = PBXBuildFile; fileRef = 179C6329223A14F000236A9C /* Repository.swift */; };
		17B40F802238D60700C8882D /* AppDelegate.swift in Sources */ = {isa = PBXBuildFile; fileRef = 17B40F7F2238D60700C8882D /* AppDelegate.swift */; };
		17B40F822238D60700C8882D /* HomeViewController.swift in Sources */ = {isa = PBXBuildFile; fileRef = 17B40F812238D60700C8882D /* HomeViewController.swift */; };
		17B40F852238D60700C8882D /* Main.storyboard in Resources */ = {isa = PBXBuildFile; fileRef = 17B40F832238D60700C8882D /* Main.storyboard */; };
		17B40F872238D60800C8882D /* Assets.xcassets in Resources */ = {isa = PBXBuildFile; fileRef = 17B40F862238D60800C8882D /* Assets.xcassets */; };
		17B40F8A2238D60800C8882D /* LaunchScreen.storyboard in Resources */ = {isa = PBXBuildFile; fileRef = 17B40F882238D60800C8882D /* LaunchScreen.storyboard */; };
		17B40F952238D60800C8882D /* TaskTests.swift in Sources */ = {isa = PBXBuildFile; fileRef = 17B40F942238D60800C8882D /* TaskTests.swift */; };
		17B40FA02238D60800C8882D /* TaskUITests.swift in Sources */ = {isa = PBXBuildFile; fileRef = 17B40F9F2238D60800C8882D /* TaskUITests.swift */; };
		17B40FB52238DB3000C8882D /* Networking.swift in Sources */ = {isa = PBXBuildFile; fileRef = 17B40FB42238DB3000C8882D /* Networking.swift */; };
		17B40FB72238DB9000C8882D /* GenericResult.swift in Sources */ = {isa = PBXBuildFile; fileRef = 17B40FB62238DB9000C8882D /* GenericResult.swift */; };
		17B40FB92238DCE500C8882D /* EndPoint.swift in Sources */ = {isa = PBXBuildFile; fileRef = 17B40FB82238DCE500C8882D /* EndPoint.swift */; };
		17B40FBC2238E5FC00C8882D /* Constants.swift in Sources */ = {isa = PBXBuildFile; fileRef = 17B40FBB2238E5FC00C8882D /* Constants.swift */; };
		17B40FBE2238F61700C8882D /* RepoCell.swift in Sources */ = {isa = PBXBuildFile; fileRef = 17B40FBD2238F61700C8882D /* RepoCell.swift */; };
		17B40FC02239036A00C8882D /* DescriptionView.swift in Sources */ = {isa = PBXBuildFile; fileRef = 17B40FBF2239036A00C8882D /* DescriptionView.swift */; };
		17B40FC32239103100C8882D /* TableView+Reusable.swift in Sources */ = {isa = PBXBuildFile; fileRef = 17B40FC22239103100C8882D /* TableView+Reusable.swift */; };
/* End PBXBuildFile section */

/* Begin PBXContainerItemProxy section */
		17B40F912238D60800C8882D /* PBXContainerItemProxy */ = {
			isa = PBXContainerItemProxy;
			containerPortal = 17B40F742238D60700C8882D /* Project object */;
			proxyType = 1;
			remoteGlobalIDString = 17B40F7B2238D60700C8882D;
			remoteInfo = Task;
		};
		17B40F9C2238D60800C8882D /* PBXContainerItemProxy */ = {
			isa = PBXContainerItemProxy;
			containerPortal = 17B40F742238D60700C8882D /* Project object */;
			proxyType = 1;
			remoteGlobalIDString = 17B40F7B2238D60700C8882D;
			remoteInfo = Task;
		};
/* End PBXContainerItemProxy section */

/* Begin PBXFileReference section */
		179C6321223A039600236A9C /* UIView+Constraints.swift */ = {isa = PBXFileReference; lastKnownFileType = sourcecode.swift; path = "UIView+Constraints.swift"; sourceTree = "<group>"; };
		179C6323223A110F00236A9C /* Owner.swift */ = {isa = PBXFileReference; lastKnownFileType = sourcecode.swift; path = Owner.swift; sourceTree = "<group>"; };
		179C6327223A129E00236A9C /* HomePresenter.swift */ = {isa = PBXFileReference; lastKnownFileType = sourcecode.swift; path = HomePresenter.swift; sourceTree = "<group>"; };
		179C6329223A14F000236A9C /* Repository.swift */ = {isa = PBXFileReference; lastKnownFileType = sourcecode.swift; path = Repository.swift; sourceTree = "<group>"; };
		17B40F7C2238D60700C8882D /* Task.app */ = {isa = PBXFileReference; explicitFileType = wrapper.application; includeInIndex = 0; path = Task.app; sourceTree = BUILT_PRODUCTS_DIR; };
		17B40F7F2238D60700C8882D /* AppDelegate.swift */ = {isa = PBXFileReference; lastKnownFileType = sourcecode.swift; path = AppDelegate.swift; sourceTree = "<group>"; };
		17B40F812238D60700C8882D /* HomeViewController.swift */ = {isa = PBXFileReference; lastKnownFileType = sourcecode.swift; path = HomeViewController.swift; sourceTree = "<group>"; };
		17B40F842238D60700C8882D /* Base */ = {isa = PBXFileReference; lastKnownFileType = file.storyboard; name = Base; path = Base.lproj/Main.storyboard; sourceTree = "<group>"; };
		17B40F862238D60800C8882D /* Assets.xcassets */ = {isa = PBXFileReference; lastKnownFileType = folder.assetcatalog; path = Assets.xcassets; sourceTree = "<group>"; };
		17B40F892238D60800C8882D /* Base */ = {isa = PBXFileReference; lastKnownFileType = file.storyboard; name = Base; path = Base.lproj/LaunchScreen.storyboard; sourceTree = "<group>"; };
		17B40F8B2238D60800C8882D /* Info.plist */ = {isa = PBXFileReference; lastKnownFileType = text.plist.xml; path = Info.plist; sourceTree = "<group>"; };
		17B40F902238D60800C8882D /* TaskTests.xctest */ = {isa = PBXFileReference; explicitFileType = wrapper.cfbundle; includeInIndex = 0; path = TaskTests.xctest; sourceTree = BUILT_PRODUCTS_DIR; };
		17B40F942238D60800C8882D /* TaskTests.swift */ = {isa = PBXFileReference; lastKnownFileType = sourcecode.swift; path = TaskTests.swift; sourceTree = "<group>"; };
		17B40F962238D60800C8882D /* Info.plist */ = {isa = PBXFileReference; lastKnownFileType = text.plist.xml; path = Info.plist; sourceTree = "<group>"; };
		17B40F9B2238D60800C8882D /* TaskUITests.xctest */ = {isa = PBXFileReference; explicitFileType = wrapper.cfbundle; includeInIndex = 0; path = TaskUITests.xctest; sourceTree = BUILT_PRODUCTS_DIR; };
		17B40F9F2238D60800C8882D /* TaskUITests.swift */ = {isa = PBXFileReference; lastKnownFileType = sourcecode.swift; path = TaskUITests.swift; sourceTree = "<group>"; };
		17B40FA12238D60800C8882D /* Info.plist */ = {isa = PBXFileReference; lastKnownFileType = text.plist.xml; path = Info.plist; sourceTree = "<group>"; };
		17B40FB42238DB3000C8882D /* Networking.swift */ = {isa = PBXFileReference; lastKnownFileType = sourcecode.swift; path = Networking.swift; sourceTree = "<group>"; };
		17B40FB62238DB9000C8882D /* GenericResult.swift */ = {isa = PBXFileReference; lastKnownFileType = sourcecode.swift; path = GenericResult.swift; sourceTree = "<group>"; };
		17B40FB82238DCE500C8882D /* EndPoint.swift */ = {isa = PBXFileReference; lastKnownFileType = sourcecode.swift; path = EndPoint.swift; sourceTree = "<group>"; };
		17B40FBB2238E5FC00C8882D /* Constants.swift */ = {isa = PBXFileReference; lastKnownFileType = sourcecode.swift; path = Constants.swift; sourceTree = "<group>"; };
		17B40FBD2238F61700C8882D /* RepoCell.swift */ = {isa = PBXFileReference; lastKnownFileType = sourcecode.swift; path = RepoCell.swift; sourceTree = "<group>"; };
		17B40FBF2239036A00C8882D /* DescriptionView.swift */ = {isa = PBXFileReference; lastKnownFileType = sourcecode.swift; path = DescriptionView.swift; sourceTree = "<group>"; };
		17B40FC22239103100C8882D /* TableView+Reusable.swift */ = {isa = PBXFileReference; lastKnownFileType = sourcecode.swift; path = "TableView+Reusable.swift"; sourceTree = "<group>"; };
/* End PBXFileReference section */

/* Begin PBXFrameworksBuildPhase section */
		17B40F792238D60700C8882D /* Frameworks */ = {
			isa = PBXFrameworksBuildPhase;
			buildActionMask = 2147483647;
			files = (
			);
			runOnlyForDeploymentPostprocessing = 0;
		};
		17B40F8D2238D60800C8882D /* Frameworks */ = {
			isa = PBXFrameworksBuildPhase;
			buildActionMask = 2147483647;
			files = (
			);
			runOnlyForDeploymentPostprocessing = 0;
		};
		17B40F982238D60800C8882D /* Frameworks */ = {
			isa = PBXFrameworksBuildPhase;
			buildActionMask = 2147483647;
			files = (
			);
			runOnlyForDeploymentPostprocessing = 0;
		};
/* End PBXFrameworksBuildPhase section */

/* Begin PBXGroup section */
		17B40F732238D60700C8882D = {
			isa = PBXGroup;
			children = (
				17B40F7E2238D60700C8882D /* Task */,
				17B40F932238D60800C8882D /* TaskTests */,
				17B40F9E2238D60800C8882D /* TaskUITests */,
				17B40F7D2238D60700C8882D /* Products */,
			);
			sourceTree = "<group>";
		};
		17B40F7D2238D60700C8882D /* Products */ = {
			isa = PBXGroup;
			children = (
				17B40F7C2238D60700C8882D /* Task.app */,
				17B40F902238D60800C8882D /* TaskTests.xctest */,
				17B40F9B2238D60800C8882D /* TaskUITests.xctest */,
			);
			name = Products;
			sourceTree = "<group>";
		};
		17B40F7E2238D60700C8882D /* Task */ = {
			isa = PBXGroup;
			children = (
				17B40FB02238D84D00C8882D /* service */,
				17B40FAF2238D84200C8882D /* presenter */,
				17B40FAE2238D83B00C8882D /* view */,
				17B40FAD2238D81200C8882D /* model */,
				17B40FC12239100400C8882D /* helper */,
				17B40FB12238D8B000C8882D /* interface */,
				17B40FBA2238E5D900C8882D /* supporting files */,
				17B40F7F2238D60700C8882D /* AppDelegate.swift */,
				17B40F862238D60800C8882D /* Assets.xcassets */,
				17B40F8B2238D60800C8882D /* Info.plist */,
			);
			path = Task;
			sourceTree = "<group>";
		};
		17B40F932238D60800C8882D /* TaskTests */ = {
			isa = PBXGroup;
			children = (
				17B40F942238D60800C8882D /* TaskTests.swift */,
				17B40F962238D60800C8882D /* Info.plist */,
			);
			path = TaskTests;
			sourceTree = "<group>";
		};
		17B40F9E2238D60800C8882D /* TaskUITests */ = {
			isa = PBXGroup;
			children = (
				17B40F9F2238D60800C8882D /* TaskUITests.swift */,
				17B40FA12238D60800C8882D /* Info.plist */,
			);
			path = TaskUITests;
			sourceTree = "<group>";
		};
		17B40FAD2238D81200C8882D /* model */ = {
			isa = PBXGroup;
			children = (
				17B40FB82238DCE500C8882D /* EndPoint.swift */,
				179C6323223A110F00236A9C /* Owner.swift */,
				179C6329223A14F000236A9C /* Repository.swift */,
			);
			path = model;
			sourceTree = "<group>";
		};
		17B40FAE2238D83B00C8882D /* view */ = {
			isa = PBXGroup;
			children = (
				17B40F812238D60700C8882D /* HomeViewController.swift */,
				17B40FBD2238F61700C8882D /* RepoCell.swift */,
				17B40FBF2239036A00C8882D /* DescriptionView.swift */,
			);
			path = view;
			sourceTree = "<group>";
		};
		17B40FAF2238D84200C8882D /* presenter */ = {
			isa = PBXGroup;
			children = (
				179C6327223A129E00236A9C /* HomePresenter.swift */,
			);
			path = presenter;
			sourceTree = "<group>";
		};
		17B40FB02238D84D00C8882D /* service */ = {
			isa = PBXGroup;
			children = (
				17B40FB42238DB3000C8882D /* Networking.swift */,
				17B40FB62238DB9000C8882D /* GenericResult.swift */,
			);
			path = service;
			sourceTree = "<group>";
		};
		17B40FB12238D8B000C8882D /* interface */ = {
			isa = PBXGroup;
			children = (
				17B40F882238D60800C8882D /* LaunchScreen.storyboard */,
				17B40F832238D60700C8882D /* Main.storyboard */,
			);
			path = interface;
			sourceTree = "<group>";
		};
		17B40FBA2238E5D900C8882D /* supporting files */ = {
			isa = PBXGroup;
			children = (
				17B40FBB2238E5FC00C8882D /* Constants.swift */,
			);
			path = "supporting files";
			sourceTree = "<group>";
		};
		17B40FC12239100400C8882D /* helper */ = {
			isa = PBXGroup;
			children = (
				17B40FC22239103100C8882D /* TableView+Reusable.swift */,
				179C6321223A039600236A9C /* UIView+Constraints.swift */,
			);
			path = helper;
			sourceTree = "<group>";
		};
/* End PBXGroup section */

/* Begin PBXNativeTarget section */
		17B40F7B2238D60700C8882D /* Task */ = {
			isa = PBXNativeTarget;
			buildConfigurationList = 17B40FA42238D60800C8882D /* Build configuration list for PBXNativeTarget "Task" */;
			buildPhases = (
				17B40F782238D60700C8882D /* Sources */,
				17B40F792238D60700C8882D /* Frameworks */,
				17B40F7A2238D60700C8882D /* Resources */,
			);
			buildRules = (
			);
			dependencies = (
			);
			name = Task;
			productName = Task;
			productReference = 17B40F7C2238D60700C8882D /* Task.app */;
			productType = "com.apple.product-type.application";
		};
		17B40F8F2238D60800C8882D /* TaskTests */ = {
			isa = PBXNativeTarget;
			buildConfigurationList = 17B40FA72238D60800C8882D /* Build configuration list for PBXNativeTarget "TaskTests" */;
			buildPhases = (
				17B40F8C2238D60800C8882D /* Sources */,
				17B40F8D2238D60800C8882D /* Frameworks */,
				17B40F8E2238D60800C8882D /* Resources */,
			);
			buildRules = (
			);
			dependencies = (
				17B40F922238D60800C8882D /* PBXTargetDependency */,
			);
			name = TaskTests;
			productName = TaskTests;
			productReference = 17B40F902238D60800C8882D /* TaskTests.xctest */;
			productType = "com.apple.product-type.bundle.unit-test";
		};
		17B40F9A2238D60800C8882D /* TaskUITests */ = {
			isa = PBXNativeTarget;
			buildConfigurationList = 17B40FAA2238D60800C8882D /* Build configuration list for PBXNativeTarget "TaskUITests" */;
			buildPhases = (
				17B40F972238D60800C8882D /* Sources */,
				17B40F982238D60800C8882D /* Frameworks */,
				17B40F992238D60800C8882D /* Resources */,
			);
			buildRules = (
			);
			dependencies = (
				17B40F9D2238D60800C8882D /* PBXTargetDependency */,
			);
			name = TaskUITests;
			productName = TaskUITests;
			productReference = 17B40F9B2238D60800C8882D /* TaskUITests.xctest */;
			productType = "com.apple.product-type.bundle.ui-testing";
		};
/* End PBXNativeTarget section */

/* Begin PBXProject section */
		17B40F742238D60700C8882D /* Project object */ = {
			isa = PBXProject;
			attributes = {
				LastSwiftUpdateCheck = 1010;
				LastUpgradeCheck = 1010;
				ORGANIZATIONNAME = Habib;
				TargetAttributes = {
					17B40F7B2238D60700C8882D = {
						CreatedOnToolsVersion = 10.1;
					};
					17B40F8F2238D60800C8882D = {
						CreatedOnToolsVersion = 10.1;
						TestTargetID = 17B40F7B2238D60700C8882D;
					};
					17B40F9A2238D60800C8882D = {
						CreatedOnToolsVersion = 10.1;
						TestTargetID = 17B40F7B2238D60700C8882D;
					};
				};
			};
			buildConfigurationList = 17B40F772238D60700C8882D /* Build configuration list for PBXProject "Task" */;
			compatibilityVersion = "Xcode 9.3";
			developmentRegion = en;
			hasScannedForEncodings = 0;
			knownRegions = (
				en,
				Base,
			);
			mainGroup = 17B40F732238D60700C8882D;
			productRefGroup = 17B40F7D2238D60700C8882D /* Products */;
			projectDirPath = "";
			projectRoot = "";
			targets = (
				17B40F7B2238D60700C8882D /* Task */,
				17B40F8F2238D60800C8882D /* TaskTests */,
				17B40F9A2238D60800C8882D /* TaskUITests */,
			);
		};
/* End PBXProject section */

/* Begin PBXResourcesBuildPhase section */
		17B40F7A2238D60700C8882D /* Resources */ = {
			isa = PBXResourcesBuildPhase;
			buildActionMask = 2147483647;
			files = (
				17B40F8A2238D60800C8882D /* LaunchScreen.storyboard in Resources */,
				17B40F872238D60800C8882D /* Assets.xcassets in Resources */,
				17B40F852238D60700C8882D /* Main.storyboard in Resources */,
			);
			runOnlyForDeploymentPostprocessing = 0;
		};
		17B40F8E2238D60800C8882D /* Resources */ = {
			isa = PBXResourcesBuildPhase;
			buildActionMask = 2147483647;
			files = (
			);
			runOnlyForDeploymentPostprocessing = 0;
		};
		17B40F992238D60800C8882D /* Resources */ = {
			isa = PBXResourcesBuildPhase;
			buildActionMask = 2147483647;
			files = (
			);
			runOnlyForDeploymentPostprocessing = 0;
		};
/* End PBXResourcesBuildPhase section */

/* Begin PBXSourcesBuildPhase section */
		17B40F782238D60700C8882D /* Sources */ = {
			isa = PBXSourcesBuildPhase;
			buildActionMask = 2147483647;
			files = (
				17B40FC32239103100C8882D /* TableView+Reusable.swift in Sources */,
				17B40FB92238DCE500C8882D /* EndPoint.swift in Sources */,
				17B40FBE2238F61700C8882D /* RepoCell.swift in Sources */,
				179C632A223A14F000236A9C /* Repository.swift in Sources */,
				17B40FB72238DB9000C8882D /* GenericResult.swift in Sources */,
				17B40F822238D60700C8882D /* HomeViewController.swift in Sources */,
				17B40F802238D60700C8882D /* AppDelegate.swift in Sources */,
				17B40FBC2238E5FC00C8882D /* Constants.swift in Sources */,
				179C6322223A039600236A9C /* UIView+Constraints.swift in Sources */,
				179C6328223A129E00236A9C /* HomePresenter.swift in Sources */,
				179C6324223A110F00236A9C /* Owner.swift in Sources */,
				17B40FB52238DB3000C8882D /* Networking.swift in Sources */,
				17B40FC02239036A00C8882D /* DescriptionView.swift in Sources */,
			);
			runOnlyForDeploymentPostprocessing = 0;
		};
		17B40F8C2238D60800C8882D /* Sources */ = {
			isa = PBXSourcesBuildPhase;
			buildActionMask = 2147483647;
			files = (
				17B40F952238D60800C8882D /* TaskTests.swift in Sources */,
			);
			runOnlyForDeploymentPostprocessing = 0;
		};
		17B40F972238D60800C8882D /* Sources */ = {
			isa = PBXSourcesBuildPhase;
			buildActionMask = 2147483647;
			files = (
				17B40FA02238D60800C8882D /* TaskUITests.swift in Sources */,
			);
			runOnlyForDeploymentPostprocessing = 0;
		};
/* End PBXSourcesBuildPhase section */

/* Begin PBXTargetDependency section */
		17B40F922238D60800C8882D /* PBXTargetDependency */ = {
			isa = PBXTargetDependency;
			target = 17B40F7B2238D60700C8882D /* Task */;
			targetProxy = 17B40F912238D60800C8882D /* PBXContainerItemProxy */;
		};
		17B40F9D2238D60800C8882D /* PBXTargetDependency */ = {
			isa = PBXTargetDependency;
			target = 17B40F7B2238D60700C8882D /* Task */;
			targetProxy = 17B40F9C2238D60800C8882D /* PBXContainerItemProxy */;
		};
/* End PBXTargetDependency section */

/* Begin PBXVariantGroup section */
		17B40F832238D60700C8882D /* Main.storyboard */ = {
			isa = PBXVariantGroup;
			children = (
				17B40F842238D60700C8882D /* Base */,
			);
			name = Main.storyboard;
			sourceTree = "<group>";
		};
		17B40F882238D60800C8882D /* LaunchScreen.storyboard */ = {
			isa = PBXVariantGroup;
			children = (
				17B40F892238D60800C8882D /* Base */,
			);
			name = LaunchScreen.storyboard;
			sourceTree = "<group>";
		};
/* End PBXVariantGroup section */

/* Begin XCBuildConfiguration section */
		17B40FA22238D60800C8882D /* Debug */ = {
			isa = XCBuildConfiguration;
			buildSettings = {
				ALWAYS_SEARCH_USER_PATHS = NO;
				CLANG_ANALYZER_NONNULL = YES;
				CLANG_ANALYZER_NUMBER_OBJECT_CONVERSION = YES_AGGRESSIVE;
				CLANG_CXX_LANGUAGE_STANDARD = "gnu++14";
				CLANG_CXX_LIBRARY = "libc++";
				CLANG_ENABLE_MODULES = YES;
				CLANG_ENABLE_OBJC_ARC = YES;
				CLANG_ENABLE_OBJC_WEAK = YES;
				CLANG_WARN_BLOCK_CAPTURE_AUTORELEASING = YES;
				CLANG_WARN_BOOL_CONVERSION = YES;
				CLANG_WARN_COMMA = YES;
				CLANG_WARN_CONSTANT_CONVERSION = YES;
				CLANG_WARN_DEPRECATED_OBJC_IMPLEMENTATIONS = YES;
				CLANG_WARN_DIRECT_OBJC_ISA_USAGE = YES_ERROR;
				CLANG_WARN_DOCUMENTATION_COMMENTS = YES;
				CLANG_WARN_EMPTY_BODY = YES;
				CLANG_WARN_ENUM_CONVERSION = YES;
				CLANG_WARN_INFINITE_RECURSION = YES;
				CLANG_WARN_INT_CONVERSION = YES;
				CLANG_WARN_NON_LITERAL_NULL_CONVERSION = YES;
				CLANG_WARN_OBJC_IMPLICIT_RETAIN_SELF = YES;
				CLANG_WARN_OBJC_LITERAL_CONVERSION = YES;
				CLANG_WARN_OBJC_ROOT_CLASS = YES_ERROR;
				CLANG_WARN_RANGE_LOOP_ANALYSIS = YES;
				CLANG_WARN_STRICT_PROTOTYPES = YES;
				CLANG_WARN_SUSPICIOUS_MOVE = YES;
				CLANG_WARN_UNGUARDED_AVAILABILITY = YES_AGGRESSIVE;
				CLANG_WARN_UNREACHABLE_CODE = YES;
				CLANG_WARN__DUPLICATE_METHOD_MATCH = YES;
				CODE_SIGN_IDENTITY = "iPhone Developer";
				COPY_PHASE_STRIP = NO;
				DEBUG_INFORMATION_FORMAT = dwarf;
				ENABLE_STRICT_OBJC_MSGSEND = YES;
				ENABLE_TESTABILITY = YES;
				GCC_C_LANGUAGE_STANDARD = gnu11;
				GCC_DYNAMIC_NO_PIC = NO;
				GCC_NO_COMMON_BLOCKS = YES;
				GCC_OPTIMIZATION_LEVEL = 0;
				GCC_PREPROCESSOR_DEFINITIONS = (
					"DEBUG=1",
					"$(inherited)",
				);
				GCC_WARN_64_TO_32_BIT_CONVERSION = YES;
				GCC_WARN_ABOUT_RETURN_TYPE = YES_ERROR;
				GCC_WARN_UNDECLARED_SELECTOR = YES;
				GCC_WARN_UNINITIALIZED_AUTOS = YES_AGGRESSIVE;
				GCC_WARN_UNUSED_FUNCTION = YES;
				GCC_WARN_UNUSED_VARIABLE = YES;
				IPHONEOS_DEPLOYMENT_TARGET = 12.1;
				MTL_ENABLE_DEBUG_INFO = INCLUDE_SOURCE;
				MTL_FAST_MATH = YES;
				ONLY_ACTIVE_ARCH = YES;
				SDKROOT = iphoneos;
				SWIFT_ACTIVE_COMPILATION_CONDITIONS = DEBUG;
				SWIFT_OPTIMIZATION_LEVEL = "-Onone";
			};
			name = Debug;
		};
		17B40FA32238D60800C8882D /* Release */ = {
			isa = XCBuildConfiguration;
			buildSettings = {
				ALWAYS_SEARCH_USER_PATHS = NO;
				CLANG_ANALYZER_NONNULL = YES;
				CLANG_ANALYZER_NUMBER_OBJECT_CONVERSION = YES_AGGRESSIVE;
				CLANG_CXX_LANGUAGE_STANDARD = "gnu++14";
				CLANG_CXX_LIBRARY = "libc++";
				CLANG_ENABLE_MODULES = YES;
				CLANG_ENABLE_OBJC_ARC = YES;
				CLANG_ENABLE_OBJC_WEAK = YES;
				CLANG_WARN_BLOCK_CAPTURE_AUTORELEASING = YES;
				CLANG_WARN_BOOL_CONVERSION = YES;
				CLANG_WARN_COMMA = YES;
				CLANG_WARN_CONSTANT_CONVERSION = YES;
				CLANG_WARN_DEPRECATED_OBJC_IMPLEMENTATIONS = YES;
				CLANG_WARN_DIRECT_OBJC_ISA_USAGE = YES_ERROR;
				CLANG_WARN_DOCUMENTATION_COMMENTS = YES;
				CLANG_WARN_EMPTY_BODY = YES;
				CLANG_WARN_ENUM_CONVERSION = YES;
				CLANG_WARN_INFINITE_RECURSION = YES;
				CLANG_WARN_INT_CONVERSION = YES;
				CLANG_WARN_NON_LITERAL_NULL_CONVERSION = YES;
				CLANG_WARN_OBJC_IMPLICIT_RETAIN_SELF = YES;
				CLANG_WARN_OBJC_LITERAL_CONVERSION = YES;
				CLANG_WARN_OBJC_ROOT_CLASS = YES_ERROR;
				CLANG_WARN_RANGE_LOOP_ANALYSIS = YES;
				CLANG_WARN_STRICT_PROTOTYPES = YES;
				CLANG_WARN_SUSPICIOUS_MOVE = YES;
				CLANG_WARN_UNGUARDED_AVAILABILITY = YES_AGGRESSIVE;
				CLANG_WARN_UNREACHABLE_CODE = YES;
				CLANG_WARN__DUPLICATE_METHOD_MATCH = YES;
				CODE_SIGN_IDENTITY = "iPhone Developer";
				COPY_PHASE_STRIP = NO;
				DEBUG_INFORMATION_FORMAT = "dwarf-with-dsym";
				ENABLE_NS_ASSERTIONS = NO;
				ENABLE_STRICT_OBJC_MSGSEND = YES;
				GCC_C_LANGUAGE_STANDARD = gnu11;
				GCC_NO_COMMON_BLOCKS = YES;
				GCC_WARN_64_TO_32_BIT_CONVERSION = YES;
				GCC_WARN_ABOUT_RETURN_TYPE = YES_ERROR;
				GCC_WARN_UNDECLARED_SELECTOR = YES;
				GCC_WARN_UNINITIALIZED_AUTOS = YES_AGGRESSIVE;
				GCC_WARN_UNUSED_FUNCTION = YES;
				GCC_WARN_UNUSED_VARIABLE = YES;
				IPHONEOS_DEPLOYMENT_TARGET = 12.1;
				MTL_ENABLE_DEBUG_INFO = NO;
				MTL_FAST_MATH = YES;
				SDKROOT = iphoneos;
				SWIFT_COMPILATION_MODE = wholemodule;
				SWIFT_OPTIMIZATION_LEVEL = "-O";
				VALIDATE_PRODUCT = YES;
			};
			name = Release;
		};
		17B40FA52238D60800C8882D /* Debug */ = {
			isa = XCBuildConfiguration;
			buildSettings = {
				ASSETCATALOG_COMPILER_APPICON_NAME = AppIcon;
				CODE_SIGN_STYLE = Automatic;
				DEVELOPMENT_TEAM = A472P7J2T6;
				INFOPLIST_FILE = Task/Info.plist;
				IPHONEOS_DEPLOYMENT_TARGET = 10.0;
				LD_RUNPATH_SEARCH_PATHS = (
					"$(inherited)",
					"@executable_path/Frameworks",
				);
				PRODUCT_BUNDLE_IDENTIFIER = com.habib.Task;
				PRODUCT_NAME = "$(TARGET_NAME)";
				SWIFT_VERSION = 4.2;
				TARGETED_DEVICE_FAMILY = "1,2";
			};
			name = Debug;
		};
		17B40FA62238D60800C8882D /* Release */ = {
			isa = XCBuildConfiguration;
			buildSettings = {
				ASSETCATALOG_COMPILER_APPICON_NAME = AppIcon;
				CODE_SIGN_STYLE = Automatic;
				DEVELOPMENT_TEAM = A472P7J2T6;
				INFOPLIST_FILE = Task/Info.plist;
				IPHONEOS_DEPLOYMENT_TARGET = 10.0;
				LD_RUNPATH_SEARCH_PATHS = (
					"$(inherited)",
					"@executable_path/Frameworks",
				);
				PRODUCT_BUNDLE_IDENTIFIER = com.habib.Task;
				PRODUCT_NAME = "$(TARGET_NAME)";
				SWIFT_VERSION = 4.2;
				TARGETED_DEVICE_FAMILY = "1,2";
			};
			name = Release;
		};
		17B40FA82238D60800C8882D /* Debug */ = {
			isa = XCBuildConfiguration;
			buildSettings = {
				ALWAYS_EMBED_SWIFT_STANDARD_LIBRARIES = YES;
				BUNDLE_LOADER = "$(TEST_HOST)";
				CODE_SIGN_STYLE = Automatic;
				DEVELOPMENT_TEAM = A472P7J2T6;
				INFOPLIST_FILE = TaskTests/Info.plist;
				LD_RUNPATH_SEARCH_PATHS = (
					"$(inherited)",
					"@executable_path/Frameworks",
					"@loader_path/Frameworks",
				);
				PRODUCT_BUNDLE_IDENTIFIER = com.habib.TaskTests;
				PRODUCT_NAME = "$(TARGET_NAME)";
				SWIFT_VERSION = 4.2;
				TARGETED_DEVICE_FAMILY = "1,2";
				TEST_HOST = "$(BUILT_PRODUCTS_DIR)/Task.app/Task";
			};
			name = Debug;
		};
		17B40FA92238D60800C8882D /* Release */ = {
			isa = XCBuildConfiguration;
			buildSettings = {
				ALWAYS_EMBED_SWIFT_STANDARD_LIBRARIES = YES;
				BUNDLE_LOADER = "$(TEST_HOST)";
				CODE_SIGN_STYLE = Automatic;
				DEVELOPMENT_TEAM = A472P7J2T6;
				INFOPLIST_FILE = TaskTests/Info.plist;
				LD_RUNPATH_SEARCH_PATHS = (
					"$(inherited)",
					"@executable_path/Frameworks",
					"@loader_path/Frameworks",
				);
				PRODUCT_BUNDLE_IDENTIFIER = com.habib.TaskTests;
				PRODUCT_NAME = "$(TARGET_NAME)";
				SWIFT_VERSION = 4.2;
				TARGETED_DEVICE_FAMILY = "1,2";
				TEST_HOST = "$(BUILT_PRODUCTS_DIR)/Task.app/Task";
			};
			name = Release;
		};
		17B40FAB2238D60800C8882D /* Debug */ = {
			isa = XCBuildConfiguration;
			buildSettings = {
				ALWAYS_EMBED_SWIFT_STANDARD_LIBRARIES = YES;
				CODE_SIGN_STYLE = Automatic;
				DEVELOPMENT_TEAM = A472P7J2T6;
				INFOPLIST_FILE = TaskUITests/Info.plist;
				LD_RUNPATH_SEARCH_PATHS = (
					"$(inherited)",
					"@executable_path/Frameworks",
					"@loader_path/Frameworks",
				);
				PRODUCT_BUNDLE_IDENTIFIER = com.habib.TaskUITests;
				PRODUCT_NAME = "$(TARGET_NAME)";
				SWIFT_VERSION = 4.2;
				TARGETED_DEVICE_FAMILY = "1,2";
				TEST_TARGET_NAME = Task;
			};
			name = Debug;
		};
		17B40FAC2238D60800C8882D /* Release */ = {
			isa = XCBuildConfiguration;
			buildSettings = {
				ALWAYS_EMBED_SWIFT_STANDARD_LIBRARIES = YES;
				CODE_SIGN_STYLE = Automatic;
				DEVELOPMENT_TEAM = A472P7J2T6;
				INFOPLIST_FILE = TaskUITests/Info.plist;
				LD_RUNPATH_SEARCH_PATHS = (
					"$(inherited)",
					"@executable_path/Frameworks",
					"@loader_path/Frameworks",
				);
				PRODUCT_BUNDLE_IDENTIFIER = com.habib.TaskUITests;
				PRODUCT_NAME = "$(TARGET_NAME)";
				SWIFT_VERSION = 4.2;
				TARGETED_DEVICE_FAMILY = "1,2";
				TEST_TARGET_NAME = Task;
			};
			name = Release;
		};
/* End XCBuildConfiguration section */

/* Begin XCConfigurationList section */
		17B40F772238D60700C8882D /* Build configuration list for PBXProject "Task" */ = {
			isa = XCConfigurationList;
			buildConfigurations = (
				17B40FA22238D60800C8882D /* Debug */,
				17B40FA32238D60800C8882D /* Release */,
			);
			defaultConfigurationIsVisible = 0;
			defaultConfigurationName = Release;
		};
		17B40FA42238D60800C8882D /* Build configuration list for PBXNativeTarget "Task" */ = {
			isa = XCConfigurationList;
			buildConfigurations = (
				17B40FA52238D60800C8882D /* Debug */,
				17B40FA62238D60800C8882D /* Release */,
			);
			defaultConfigurationIsVisible = 0;
			defaultConfigurationName = Release;
		};
		17B40FA72238D60800C8882D /* Build configuration list for PBXNativeTarget "TaskTests" */ = {
			isa = XCConfigurationList;
			buildConfigurations = (
				17B40FA82238D60800C8882D /* Debug */,
				17B40FA92238D60800C8882D /* Release */,
			);
			defaultConfigurationIsVisible = 0;
			defaultConfigurationName = Release;
		};
		17B40FAA2238D60800C8882D /* Build configuration list for PBXNativeTarget "TaskUITests" */ = {
			isa = XCConfigurationList;
			buildConfigurations = (
				17B40FAB2238D60800C8882D /* Debug */,
				17B40FAC2238D60800C8882D /* Release */,
			);
			defaultConfigurationIsVisible = 0;
			defaultConfigurationName = Release;
		};
/* End XCConfigurationList section */
	};
	rootObject = 17B40F742238D60700C8882D /* Project object */;
}
