// !$*UTF8*$!
{
	archiveVersion = 1;
	classes = {
	};
	objectVersion = 50;
	objects = {

/* Begin PBXBuildFile section */
		179C6322223A039600236A9C /* UIViewConstraintsExtension.swift in Sources */ = {isa = PBXBuildFile; fileRef = 179C6321223A039600236A9C /* UIViewConstraintsExtension.swift */; };
		179C6324223A110F00236A9C /* Owner.swift in Sources */ = {isa = PBXBuildFile; fileRef = 179C6323223A110F00236A9C /* Owner.swift */; };
		179C6328223A129E00236A9C /* HomePresenter.swift in Sources */ = {isa = PBXBuildFile; fileRef = 179C6327223A129E00236A9C /* HomePresenter.swift */; };
		179C632A223A14F000236A9C /* Repository.swift in Sources */ = {isa = PBXBuildFile; fileRef = 179C6329223A14F000236A9C /* Repository.swift */; };
		17B40F802238D60700C8882D /* AppDelegate.swift in Sources */ = {isa = PBXBuildFile; fileRef = 17B40F7F2238D60700C8882D /* AppDelegate.swift */; };
		17B40F822238D60700C8882D /* HomeViewController.swift in Sources */ = {isa = PBXBuildFile; fileRef = 17B40F812238D60700C8882D /* HomeViewController.swift */; };
		17B40F852238D60700C8882D /* Main.storyboard in Resources */ = {isa = PBXBuildFile; fileRef = 17B40F832238D60700C8882D /* Main.storyboard */; };
		17B40F872238D60800C8882D /* Assets.xcassets in Resources */ = {isa = PBXBuildFile; fileRef = 17B40F862238D60800C8882D /* Assets.xcassets */; };
		17B40F8A2238D60800C8882D /* LaunchScreen.storyboard in Resources */ = {isa = PBXBuildFile; fileRef = 17B40F882238D60800C8882D /* LaunchScreen.storyboard */; };
		17B40F952238D60800C8882D /* ModelTests.swift in Sources */ = {isa = PBXBuildFile; fileRef = 17B40F942238D60800C8882D /* ModelTests.swift */; };
		17B40FB52238DB3000C8882D /* Networking.swift in Sources */ = {isa = PBXBuildFile; fileRef = 17B40FB42238DB3000C8882D /* Networking.swift */; };
		17B40FB72238DB9000C8882D /* GenericResult.swift in Sources */ = {isa = PBXBuildFile; fileRef = 17B40FB62238DB9000C8882D /* GenericResult.swift */; };
		17B40FBC2238E5FC00C8882D /* Constants.swift in Sources */ = {isa = PBXBuildFile; fileRef = 17B40FBB2238E5FC00C8882D /* Constants.swift */; };
		17B40FBE2238F61700C8882D /* RepoCell.swift in Sources */ = {isa = PBXBuildFile; fileRef = 17B40FBD2238F61700C8882D /* RepoCell.swift */; };
		17B40FC02239036A00C8882D /* DescriptionView.swift in Sources */ = {isa = PBXBuildFile; fileRef = 17B40FBF2239036A00C8882D /* DescriptionView.swift */; };
		17B40FC32239103100C8882D /* TableView+Reusable.swift in Sources */ = {isa = PBXBuildFile; fileRef = 17B40FC22239103100C8882D /* TableView+Reusable.swift */; };
		17BD7C0C2241E9A80090EC6F /* NotePresenterTests.swift in Sources */ = {isa = PBXBuildFile; fileRef = 17BD7C0B2241E9A80090EC6F /* NotePresenterTests.swift */; };
		17BD7C0E2242569A0090EC6F /* UIColorExtesion.swift in Sources */ = {isa = PBXBuildFile; fileRef = 17BD7C0D2242569A0090EC6F /* UIColorExtesion.swift */; };
		17D76CEF223A4E0D00D41AA0 /* NoteViewController.swift in Sources */ = {isa = PBXBuildFile; fileRef = 17D76CEE223A4E0D00D41AA0 /* NoteViewController.swift */; };
		17D76CF1223A5C7B00D41AA0 /* Note.swift in Sources */ = {isa = PBXBuildFile; fileRef = 17D76CF0223A5C7B00D41AA0 /* Note.swift */; };
		17D76CF3223A5D8B00D41AA0 /* NotePresenter.swift in Sources */ = {isa = PBXBuildFile; fileRef = 17D76CF2223A5D8B00D41AA0 /* NotePresenter.swift */; };
		17FB633E2240AD190052A280 /* HomePresenterTests.swift in Sources */ = {isa = PBXBuildFile; fileRef = 17FB633D2240AD190052A280 /* HomePresenterTests.swift */; };
		5435FCF43DAA408141CE94A8 /* Pods_TaskTests.framework in Frameworks */ = {isa = PBXBuildFile; fileRef = A226C1634BCC745E8AC37682 /* Pods_TaskTests.framework */; };
		7B5BF11B22429A9B00DA0DF3 /* main.swift in Sources */ = {isa = PBXBuildFile; fileRef = 7B5BF11A22429A9B00DA0DF3 /* main.swift */; };
		7B90F7DD224002A4008AFBF7 /* NetworkingTests.swift in Sources */ = {isa = PBXBuildFile; fileRef = 7B90F7DC224002A4008AFBF7 /* NetworkingTests.swift */; };
		7BE188D5223FD8C50017E946 /* MockRepositories.swift in Sources */ = {isa = PBXBuildFile; fileRef = 7BE188D4223FD8C50017E946 /* MockRepositories.swift */; };
		F415D937DCD1CFC66D0779A0 /* Pods_Task.framework in Frameworks */ = {isa = PBXBuildFile; fileRef = 45F92195504804409DE234B5 /* Pods_Task.framework */; };
/* End PBXBuildFile section */

/* Begin PBXContainerItemProxy section */
		17B40F912238D60800C8882D /* PBXContainerItemProxy */ = {
			isa = PBXContainerItemProxy;
			containerPortal = 17B40F742238D60700C8882D /* Project object */;
			proxyType = 1;
			remoteGlobalIDString = 17B40F7B2238D60700C8882D;
			remoteInfo = Task;
		};
/* End PBXContainerItemProxy section */

/* Begin PBXFileReference section */
		0D4CF627C132BBD9C8EAE132 /* Pods-TaskUITests.release.xcconfig */ = {isa = PBXFileReference; includeInIndex = 1; lastKnownFileType = text.xcconfig; name = "Pods-TaskUITests.release.xcconfig"; path = "Target Support Files/Pods-TaskUITests/Pods-TaskUITests.release.xcconfig"; sourceTree = "<group>"; };
		179C6321223A039600236A9C /* UIViewConstraintsExtension.swift */ = {isa = PBXFileReference; lastKnownFileType = sourcecode.swift; path = UIViewConstraintsExtension.swift; sourceTree = "<group>"; };
		179C6323223A110F00236A9C /* Owner.swift */ = {isa = PBXFileReference; lastKnownFileType = sourcecode.swift; path = Owner.swift; sourceTree = "<group>"; };
		179C6327223A129E00236A9C /* HomePresenter.swift */ = {isa = PBXFileReference; lastKnownFileType = sourcecode.swift; path = HomePresenter.swift; sourceTree = "<group>"; };
		179C6329223A14F000236A9C /* Repository.swift */ = {isa = PBXFileReference; lastKnownFileType = sourcecode.swift; path = Repository.swift; sourceTree = "<group>"; };
		17B40F7C2238D60700C8882D /* Task.app */ = {isa = PBXFileReference; explicitFileType = wrapper.application; includeInIndex = 0; path = Task.app; sourceTree = BUILT_PRODUCTS_DIR; };
		17B40F7F2238D60700C8882D /* AppDelegate.swift */ = {isa = PBXFileReference; lastKnownFileType = sourcecode.swift; path = AppDelegate.swift; sourceTree = "<group>"; };
		17B40F812238D60700C8882D /* HomeViewController.swift */ = {isa = PBXFileReference; lastKnownFileType = sourcecode.swift; path = HomeViewController.swift; sourceTree = "<group>"; };
		17B40F842238D60700C8882D /* Base */ = {isa = PBXFileReference; lastKnownFileType = file.storyboard; name = Base; path = Base.lproj/Main.storyboard; sourceTree = "<group>"; };
		17B40F862238D60800C8882D /* Assets.xcassets */ = {isa = PBXFileReference; lastKnownFileType = folder.assetcatalog; path = Assets.xcassets; sourceTree = "<group>"; };
		17B40F892238D60800C8882D /* Base */ = {isa = PBXFileReference; lastKnownFileType = file.storyboard; name = Base; path = Base.lproj/LaunchScreen.storyboard; sourceTree = "<group>"; };
		17B40F8B2238D60800C8882D /* Info.plist */ = {isa = PBXFileReference; lastKnownFileType = text.plist.xml; path = Info.plist; sourceTree = "<group>"; };
		17B40F902238D60800C8882D /* TaskTests.xctest */ = {isa = PBXFileReference; explicitFileType = wrapper.cfbundle; includeInIndex = 0; path = TaskTests.xctest; sourceTree = BUILT_PRODUCTS_DIR; };
		17B40F942238D60800C8882D /* ModelTests.swift */ = {isa = PBXFileReference; lastKnownFileType = sourcecode.swift; path = ModelTests.swift; sourceTree = "<group>"; };
		17B40F962238D60800C8882D /* Info.plist */ = {isa = PBXFileReference; lastKnownFileType = text.plist.xml; path = Info.plist; sourceTree = "<group>"; };
		17B40FB42238DB3000C8882D /* Networking.swift */ = {isa = PBXFileReference; lastKnownFileType = sourcecode.swift; path = Networking.swift; sourceTree = "<group>"; };
		17B40FB62238DB9000C8882D /* GenericResult.swift */ = {isa = PBXFileReference; lastKnownFileType = sourcecode.swift; path = GenericResult.swift; sourceTree = "<group>"; };
		17B40FBB2238E5FC00C8882D /* Constants.swift */ = {isa = PBXFileReference; lastKnownFileType = sourcecode.swift; path = Constants.swift; sourceTree = "<group>"; };
		17B40FBD2238F61700C8882D /* RepoCell.swift */ = {isa = PBXFileReference; lastKnownFileType = sourcecode.swift; path = RepoCell.swift; sourceTree = "<group>"; };
		17B40FBF2239036A00C8882D /* DescriptionView.swift */ = {isa = PBXFileReference; lastKnownFileType = sourcecode.swift; path = DescriptionView.swift; sourceTree = "<group>"; };
		17B40FC22239103100C8882D /* TableView+Reusable.swift */ = {isa = PBXFileReference; lastKnownFileType = sourcecode.swift; path = "TableView+Reusable.swift"; sourceTree = "<group>"; };
		17BD7C0B2241E9A80090EC6F /* NotePresenterTests.swift */ = {isa = PBXFileReference; lastKnownFileType = sourcecode.swift; path = NotePresenterTests.swift; sourceTree = "<group>"; };
		17BD7C0D2242569A0090EC6F /* UIColorExtesion.swift */ = {isa = PBXFileReference; lastKnownFileType = sourcecode.swift; path = UIColorExtesion.swift; sourceTree = "<group>"; };
		17D76CEE223A4E0D00D41AA0 /* NoteViewController.swift */ = {isa = PBXFileReference; lastKnownFileType = sourcecode.swift; path = NoteViewController.swift; sourceTree = "<group>"; };
		17D76CF0223A5C7B00D41AA0 /* Note.swift */ = {isa = PBXFileReference; lastKnownFileType = sourcecode.swift; path = Note.swift; sourceTree = "<group>"; };
		17D76CF2223A5D8B00D41AA0 /* NotePresenter.swift */ = {isa = PBXFileReference; lastKnownFileType = sourcecode.swift; path = NotePresenter.swift; sourceTree = "<group>"; };
		17FB633D2240AD190052A280 /* HomePresenterTests.swift */ = {isa = PBXFileReference; lastKnownFileType = sourcecode.swift; path = HomePresenterTests.swift; sourceTree = "<group>"; };
		17FB63452240FB3F0052A280 /* SystemConfiguration.framework */ = {isa = PBXFileReference; lastKnownFileType = wrapper.framework; name = SystemConfiguration.framework; path = System/Library/Frameworks/SystemConfiguration.framework; sourceTree = SDKROOT; };
		3322CF69D2CF7A117CC68618 /* Pods-Task.debug.xcconfig */ = {isa = PBXFileReference; includeInIndex = 1; lastKnownFileType = text.xcconfig; name = "Pods-Task.debug.xcconfig"; path = "Target Support Files/Pods-Task/Pods-Task.debug.xcconfig"; sourceTree = "<group>"; };
		39C7DD423FD02D2C71DA9329 /* Pods-TaskUITests.debug.xcconfig */ = {isa = PBXFileReference; includeInIndex = 1; lastKnownFileType = text.xcconfig; name = "Pods-TaskUITests.debug.xcconfig"; path = "Target Support Files/Pods-TaskUITests/Pods-TaskUITests.debug.xcconfig"; sourceTree = "<group>"; };
		45F92195504804409DE234B5 /* Pods_Task.framework */ = {isa = PBXFileReference; explicitFileType = wrapper.framework; includeInIndex = 0; path = Pods_Task.framework; sourceTree = BUILT_PRODUCTS_DIR; };
		63627722FC34CBF3526A721D /* Pods-Task.release.xcconfig */ = {isa = PBXFileReference; includeInIndex = 1; lastKnownFileType = text.xcconfig; name = "Pods-Task.release.xcconfig"; path = "Target Support Files/Pods-Task/Pods-Task.release.xcconfig"; sourceTree = "<group>"; };
		7B5BF11A22429A9B00DA0DF3 /* main.swift */ = {isa = PBXFileReference; lastKnownFileType = sourcecode.swift; path = main.swift; sourceTree = "<group>"; };
		7B90F7DC224002A4008AFBF7 /* NetworkingTests.swift */ = {isa = PBXFileReference; lastKnownFileType = sourcecode.swift; path = NetworkingTests.swift; sourceTree = "<group>"; };
		7BE188D4223FD8C50017E946 /* MockRepositories.swift */ = {isa = PBXFileReference; lastKnownFileType = sourcecode.swift; path = MockRepositories.swift; sourceTree = "<group>"; };
		8FE08BE8795D1950FC282657 /* Pods_TaskUITests.framework */ = {isa = PBXFileReference; explicitFileType = wrapper.framework; includeInIndex = 0; path = Pods_TaskUITests.framework; sourceTree = BUILT_PRODUCTS_DIR; };
		93116BAAC34CB83AB1D1B305 /* Pods-TaskTests.debug.xcconfig */ = {isa = PBXFileReference; includeInIndex = 1; lastKnownFileType = text.xcconfig; name = "Pods-TaskTests.debug.xcconfig"; path = "Target Support Files/Pods-TaskTests/Pods-TaskTests.debug.xcconfig"; sourceTree = "<group>"; };
		A226C1634BCC745E8AC37682 /* Pods_TaskTests.framework */ = {isa = PBXFileReference; explicitFileType = wrapper.framework; includeInIndex = 0; path = Pods_TaskTests.framework; sourceTree = BUILT_PRODUCTS_DIR; };
		F3178E45FECC180951721F6A /* Pods-TaskTests.release.xcconfig */ = {isa = PBXFileReference; includeInIndex = 1; lastKnownFileType = text.xcconfig; name = "Pods-TaskTests.release.xcconfig"; path = "Target Support Files/Pods-TaskTests/Pods-TaskTests.release.xcconfig"; sourceTree = "<group>"; };
/* End PBXFileReference section */

/* Begin PBXFrameworksBuildPhase section */
		17B40F792238D60700C8882D /* Frameworks */ = {
			isa = PBXFrameworksBuildPhase;
			buildActionMask = 2147483647;
			files = (
				F415D937DCD1CFC66D0779A0 /* Pods_Task.framework in Frameworks */,
			);
			runOnlyForDeploymentPostprocessing = 0;
		};
		17B40F8D2238D60800C8882D /* Frameworks */ = {
			isa = PBXFrameworksBuildPhase;
			buildActionMask = 2147483647;
			files = (
				5435FCF43DAA408141CE94A8 /* Pods_TaskTests.framework in Frameworks */,
			);
			runOnlyForDeploymentPostprocessing = 0;
		};
/* End PBXFrameworksBuildPhase section */

/* Begin PBXGroup section */
		17B40F732238D60700C8882D = {
			isa = PBXGroup;
			children = (
				17B40F7E2238D60700C8882D /* Task */,
				17B40F932238D60800C8882D /* TaskTests */,
				17B40F7D2238D60700C8882D /* Products */,
				3791415D02B1D9F0B8F91D39 /* Pods */,
				5997BA83A181029814047569 /* Frameworks */,
			);
			sourceTree = "<group>";
		};
		17B40F7D2238D60700C8882D /* Products */ = {
			isa = PBXGroup;
			children = (
				17B40F7C2238D60700C8882D /* Task.app */,
				17B40F902238D60800C8882D /* TaskTests.xctest */,
			);
			name = Products;
			sourceTree = "<group>";
		};
		17B40F7E2238D60700C8882D /* Task */ = {
			isa = PBXGroup;
			children = (
				17B40FB02238D84D00C8882D /* service */,
				17B40FAF2238D84200C8882D /* presenter */,
				17B40FAE2238D83B00C8882D /* view */,
				17B40FAD2238D81200C8882D /* model */,
				17B40FC12239100400C8882D /* helper */,
				17B40FB12238D8B000C8882D /* interface */,
				17B40FBA2238E5D900C8882D /* supporting files */,
				17B40F7F2238D60700C8882D /* AppDelegate.swift */,
				7B5BF11A22429A9B00DA0DF3 /* main.swift */,
				17B40F862238D60800C8882D /* Assets.xcassets */,
				17B40F8B2238D60800C8882D /* Info.plist */,
			);
			path = Task;
			sourceTree = "<group>";
		};
		17B40F932238D60800C8882D /* TaskTests */ = {
			isa = PBXGroup;
			children = (
				7BE188D3223FD87F0017E946 /* MockData */,
				17B40F942238D60800C8882D /* ModelTests.swift */,
				7B90F7DC224002A4008AFBF7 /* NetworkingTests.swift */,
				17FB633D2240AD190052A280 /* HomePresenterTests.swift */,
				17BD7C0B2241E9A80090EC6F /* NotePresenterTests.swift */,
				17B40F962238D60800C8882D /* Info.plist */,
			);
			path = TaskTests;
			sourceTree = "<group>";
		};
		17B40FAD2238D81200C8882D /* model */ = {
			isa = PBXGroup;
			children = (
				179C6323223A110F00236A9C /* Owner.swift */,
				179C6329223A14F000236A9C /* Repository.swift */,
				17D76CF0223A5C7B00D41AA0 /* Note.swift */,
			);
			path = model;
			sourceTree = "<group>";
		};
		17B40FAE2238D83B00C8882D /* view */ = {
			isa = PBXGroup;
			children = (
				17B40F812238D60700C8882D /* HomeViewController.swift */,
				17D76CEE223A4E0D00D41AA0 /* NoteViewController.swift */,
				17B40FBD2238F61700C8882D /* RepoCell.swift */,
				17B40FBF2239036A00C8882D /* DescriptionView.swift */,
			);
			path = view;
			sourceTree = "<group>";
		};
		17B40FAF2238D84200C8882D /* presenter */ = {
			isa = PBXGroup;
			children = (
				179C6327223A129E00236A9C /* HomePresenter.swift */,
				17D76CF2223A5D8B00D41AA0 /* NotePresenter.swift */,
			);
			path = presenter;
			sourceTree = "<group>";
		};
		17B40FB02238D84D00C8882D /* service */ = {
			isa = PBXGroup;
			children = (
				17B40FB42238DB3000C8882D /* Networking.swift */,
				17B40FB62238DB9000C8882D /* GenericResult.swift */,
			);
			path = service;
			sourceTree = "<group>";
		};
		17B40FB12238D8B000C8882D /* interface */ = {
			isa = PBXGroup;
			children = (
				17B40F882238D60800C8882D /* LaunchScreen.storyboard */,
				17B40F832238D60700C8882D /* Main.storyboard */,
			);
			path = interface;
			sourceTree = "<group>";
		};
		17B40FBA2238E5D900C8882D /* supporting files */ = {
			isa = PBXGroup;
			children = (
				17B40FBB2238E5FC00C8882D /* Constants.swift */,
			);
			path = "supporting files";
			sourceTree = "<group>";
		};
		17B40FC12239100400C8882D /* helper */ = {
			isa = PBXGroup;
			children = (
				17B40FC22239103100C8882D /* TableView+Reusable.swift */,
				179C6321223A039600236A9C /* UIViewConstraintsExtension.swift */,
				17BD7C0D2242569A0090EC6F /* UIColorExtesion.swift */,
			);
			path = helper;
			sourceTree = "<group>";
		};
		3791415D02B1D9F0B8F91D39 /* Pods */ = {
			isa = PBXGroup;
			children = (
				3322CF69D2CF7A117CC68618 /* Pods-Task.debug.xcconfig */,
				63627722FC34CBF3526A721D /* Pods-Task.release.xcconfig */,
				93116BAAC34CB83AB1D1B305 /* Pods-TaskTests.debug.xcconfig */,
				F3178E45FECC180951721F6A /* Pods-TaskTests.release.xcconfig */,
				39C7DD423FD02D2C71DA9329 /* Pods-TaskUITests.debug.xcconfig */,
				0D4CF627C132BBD9C8EAE132 /* Pods-TaskUITests.release.xcconfig */,
			);
			path = Pods;
			sourceTree = "<group>";
		};
		5997BA83A181029814047569 /* Frameworks */ = {
			isa = PBXGroup;
			children = (
				17FB63452240FB3F0052A280 /* SystemConfiguration.framework */,
				45F92195504804409DE234B5 /* Pods_Task.framework */,
				A226C1634BCC745E8AC37682 /* Pods_TaskTests.framework */,
				8FE08BE8795D1950FC282657 /* Pods_TaskUITests.framework */,
			);
			name = Frameworks;
			sourceTree = "<group>";
		};
		7BE188D3223FD87F0017E946 /* MockData */ = {
			isa = PBXGroup;
			children = (
				7BE188D4223FD8C50017E946 /* MockRepositories.swift */,
			);
			path = MockData;
			sourceTree = "<group>";
		};
/* End PBXGroup section */

/* Begin PBXNativeTarget section */
		17B40F7B2238D60700C8882D /* Task */ = {
			isa = PBXNativeTarget;
			buildConfigurationList = 17B40FA42238D60800C8882D /* Build configuration list for PBXNativeTarget "Task" */;
			buildPhases = (
				ED1B541C2AA94F9DDA0D6054 /* [CP] Check Pods Manifest.lock */,
				17B40F782238D60700C8882D /* Sources */,
				17B40F792238D60700C8882D /* Frameworks */,
				17B40F7A2238D60700C8882D /* Resources */,
				F3C2240321F1EE44A502BE95 /* [CP] Embed Pods Frameworks */,
			);
			buildRules = (
			);
			dependencies = (
			);
			name = Task;
			productName = Task;
			productReference = 17B40F7C2238D60700C8882D /* Task.app */;
			productType = "com.apple.product-type.application";
		};
		17B40F8F2238D60800C8882D /* TaskTests */ = {
			isa = PBXNativeTarget;
			buildConfigurationList = 17B40FA72238D60800C8882D /* Build configuration list for PBXNativeTarget "TaskTests" */;
			buildPhases = (
				32B9ABB748B70DCB9F39A0C3 /* [CP] Check Pods Manifest.lock */,
				17B40F8C2238D60800C8882D /* Sources */,
				17B40F8D2238D60800C8882D /* Frameworks */,
				17B40F8E2238D60800C8882D /* Resources */,
				BE025E68AC66A7ACA19590B4 /* [CP] Embed Pods Frameworks */,
			);
			buildRules = (
			);
			dependencies = (
				17B40F922238D60800C8882D /* PBXTargetDependency */,
			);
			name = TaskTests;
			productName = TaskTests;
			productReference = 17B40F902238D60800C8882D /* TaskTests.xctest */;
			productType = "com.apple.product-type.bundle.unit-test";
		};
/* End PBXNativeTarget section */

/* Begin PBXProject section */
		17B40F742238D60700C8882D /* Project object */ = {
			isa = PBXProject;
			attributes = {
				LastSwiftUpdateCheck = 1010;
				LastUpgradeCheck = 1010;
				ORGANIZATIONNAME = Habib;
				TargetAttributes = {
					17B40F7B2238D60700C8882D = {
						CreatedOnToolsVersion = 10.1;
					};
					17B40F8F2238D60800C8882D = {
						CreatedOnToolsVersion = 10.1;
						TestTargetID = 17B40F7B2238D60700C8882D;
					};
				};
			};
			buildConfigurationList = 17B40F772238D60700C8882D /* Build configuration list for PBXProject "Task" */;
			compatibilityVersion = "Xcode 9.3";
			developmentRegion = en;
			hasScannedForEncodings = 0;
			knownRegions = (
				en,
				Base,
			);
			mainGroup = 17B40F732238D60700C8882D;
			productRefGroup = 17B40F7D2238D60700C8882D /* Products */;
			projectDirPath = "";
			projectRoot = "";
			targets = (
				17B40F7B2238D60700C8882D /* Task */,
				17B40F8F2238D60800C8882D /* TaskTests */,
			);
		};
/* End PBXProject section */

/* Begin PBXResourcesBuildPhase section */
		17B40F7A2238D60700C8882D /* Resources */ = {
			isa = PBXResourcesBuildPhase;
			buildActionMask = 2147483647;
			files = (
				17B40F8A2238D60800C8882D /* LaunchScreen.storyboard in Resources */,
				17B40F872238D60800C8882D /* Assets.xcassets in Resources */,
				17B40F852238D60700C8882D /* Main.storyboard in Resources */,
			);
			runOnlyForDeploymentPostprocessing = 0;
		};
		17B40F8E2238D60800C8882D /* Resources */ = {
			isa = PBXResourcesBuildPhase;
			buildActionMask = 2147483647;
			files = (
			);
			runOnlyForDeploymentPostprocessing = 0;
		};
/* End PBXResourcesBuildPhase section */

/* Begin PBXShellScriptBuildPhase section */
		32B9ABB748B70DCB9F39A0C3 /* [CP] Check Pods Manifest.lock */ = {
			isa = PBXShellScriptBuildPhase;
			buildActionMask = 2147483647;
			files = (
			);
			inputFileListPaths = (
			);
			inputPaths = (
				"${PODS_PODFILE_DIR_PATH}/Podfile.lock",
				"${PODS_ROOT}/Manifest.lock",
			);
			name = "[CP] Check Pods Manifest.lock";
			outputFileListPaths = (
			);
			outputPaths = (
				"$(DERIVED_FILE_DIR)/Pods-TaskTests-checkManifestLockResult.txt",
			);
			runOnlyForDeploymentPostprocessing = 0;
			shellPath = /bin/sh;
			shellScript = "diff \"${PODS_PODFILE_DIR_PATH}/Podfile.lock\" \"${PODS_ROOT}/Manifest.lock\" > /dev/null\nif [ $? != 0 ] ; then\n    # print error to STDERR\n    echo \"error: The sandbox is not in sync with the Podfile.lock. Run 'pod install' or update your CocoaPods installation.\" >&2\n    exit 1\nfi\n# This output is used by Xcode 'outputs' to avoid re-running this script phase.\necho \"SUCCESS\" > \"${SCRIPT_OUTPUT_FILE_0}\"\n";
			showEnvVarsInLog = 0;
		};
		BE025E68AC66A7ACA19590B4 /* [CP] Embed Pods Frameworks */ = {
			isa = PBXShellScriptBuildPhase;
			buildActionMask = 2147483647;
			files = (
			);
			inputFileListPaths = (
			);
			inputPaths = (
				"${PODS_ROOT}/Target Support Files/Pods-TaskTests/Pods-TaskTests-frameworks.sh",
				"${BUILT_PRODUCTS_DIR}/Nimble/Nimble.framework",
				"${BUILT_PRODUCTS_DIR}/Quick/Quick.framework",
				"${BUILT_PRODUCTS_DIR}/Swinject/Swinject.framework",
				"${BUILT_PRODUCTS_DIR}/SwinjectAutoregistration/SwinjectAutoregistration.framework",
			);
			name = "[CP] Embed Pods Frameworks";
			outputFileListPaths = (
			);
			outputPaths = (
				"${TARGET_BUILD_DIR}/${FRAMEWORKS_FOLDER_PATH}/Nimble.framework",
				"${TARGET_BUILD_DIR}/${FRAMEWORKS_FOLDER_PATH}/Quick.framework",
				"${TARGET_BUILD_DIR}/${FRAMEWORKS_FOLDER_PATH}/Swinject.framework",
				"${TARGET_BUILD_DIR}/${FRAMEWORKS_FOLDER_PATH}/SwinjectAutoregistration.framework",
			);
			runOnlyForDeploymentPostprocessing = 0;
			shellPath = /bin/sh;
			shellScript = "\"${PODS_ROOT}/Target Support Files/Pods-TaskTests/Pods-TaskTests-frameworks.sh\"\n";
			showEnvVarsInLog = 0;
		};
		ED1B541C2AA94F9DDA0D6054 /* [CP] Check Pods Manifest.lock */ = {
			isa = PBXShellScriptBuildPhase;
			buildActionMask = 2147483647;
			files = (
			);
			inputFileListPaths = (
			);
			inputPaths = (
				"${PODS_PODFILE_DIR_PATH}/Podfile.lock",
				"${PODS_ROOT}/Manifest.lock",
			);
			name = "[CP] Check Pods Manifest.lock";
			outputFileListPaths = (
			);
			outputPaths = (
				"$(DERIVED_FILE_DIR)/Pods-Task-checkManifestLockResult.txt",
			);
			runOnlyForDeploymentPostprocessing = 0;
			shellPath = /bin/sh;
			shellScript = "diff \"${PODS_PODFILE_DIR_PATH}/Podfile.lock\" \"${PODS_ROOT}/Manifest.lock\" > /dev/null\nif [ $? != 0 ] ; then\n    # print error to STDERR\n    echo \"error: The sandbox is not in sync with the Podfile.lock. Run 'pod install' or update your CocoaPods installation.\" >&2\n    exit 1\nfi\n# This output is used by Xcode 'outputs' to avoid re-running this script phase.\necho \"SUCCESS\" > \"${SCRIPT_OUTPUT_FILE_0}\"\n";
			showEnvVarsInLog = 0;
		};
		F3C2240321F1EE44A502BE95 /* [CP] Embed Pods Frameworks */ = {
			isa = PBXShellScriptBuildPhase;
			buildActionMask = 2147483647;
			files = (
			);
			inputFileListPaths = (
			);
			inputPaths = (
				"${PODS_ROOT}/Target Support Files/Pods-Task/Pods-Task-frameworks.sh",
				"${BUILT_PRODUCTS_DIR}/Kingfisher/Kingfisher.framework",
				"${BUILT_PRODUCTS_DIR}/Realm/Realm.framework",
				"${BUILT_PRODUCTS_DIR}/RealmSwift/RealmSwift.framework",
			);
			name = "[CP] Embed Pods Frameworks";
			outputFileListPaths = (
			);
			outputPaths = (
				"${TARGET_BUILD_DIR}/${FRAMEWORKS_FOLDER_PATH}/Kingfisher.framework",
				"${TARGET_BUILD_DIR}/${FRAMEWORKS_FOLDER_PATH}/Realm.framework",
				"${TARGET_BUILD_DIR}/${FRAMEWORKS_FOLDER_PATH}/RealmSwift.framework",
			);
			runOnlyForDeploymentPostprocessing = 0;
			shellPath = /bin/sh;
			shellScript = "\"${PODS_ROOT}/Target Support Files/Pods-Task/Pods-Task-frameworks.sh\"\n";
			showEnvVarsInLog = 0;
		};
/* End PBXShellScriptBuildPhase section */

/* Begin PBXSourcesBuildPhase section */
		17B40F782238D60700C8882D /* Sources */ = {
			isa = PBXSourcesBuildPhase;
			buildActionMask = 2147483647;
			files = (
				17B40FC32239103100C8882D /* TableView+Reusable.swift in Sources */,
				17B40FBE2238F61700C8882D /* RepoCell.swift in Sources */,
				7B5BF11B22429A9B00DA0DF3 /* main.swift in Sources */,
				179C632A223A14F000236A9C /* Repository.swift in Sources */,
				17B40FB72238DB9000C8882D /* GenericResult.swift in Sources */,
				17B40F822238D60700C8882D /* HomeViewController.swift in Sources */,
				17B40F802238D60700C8882D /* AppDelegate.swift in Sources */,
				17B40FBC2238E5FC00C8882D /* Constants.swift in Sources */,
				179C6322223A039600236A9C /* UIViewConstraintsExtension.swift in Sources */,
				179C6328223A129E00236A9C /* HomePresenter.swift in Sources */,
				17D76CF3223A5D8B00D41AA0 /* NotePresenter.swift in Sources */,
				179C6324223A110F00236A9C /* Owner.swift in Sources */,
				17D76CF1223A5C7B00D41AA0 /* Note.swift in Sources */,
				17BD7C0E2242569A0090EC6F /* UIColorExtesion.swift in Sources */,
				17B40FB52238DB3000C8882D /* Networking.swift in Sources */,
				17D76CEF223A4E0D00D41AA0 /* NoteViewController.swift in Sources */,
				17B40FC02239036A00C8882D /* DescriptionView.swift in Sources */,
			);
			runOnlyForDeploymentPostprocessing = 0;
		};
		17B40F8C2238D60800C8882D /* Sources */ = {
			isa = PBXSourcesBuildPhase;
			buildActionMask = 2147483647;
			files = (
				17B40F952238D60800C8882D /* ModelTests.swift in Sources */,
				17BD7C0C2241E9A80090EC6F /* NotePresenterTests.swift in Sources */,
				7B90F7DD224002A4008AFBF7 /* NetworkingTests.swift in Sources */,
				7BE188D5223FD8C50017E946 /* MockRepositories.swift in Sources */,
				17FB633E2240AD190052A280 /* HomePresenterTests.swift in Sources */,
			);
			runOnlyForDeploymentPostprocessing = 0;
		};
/* End PBXSourcesBuildPhase section */

/* Begin PBXTargetDependency section */
		17B40F922238D60800C8882D /* PBXTargetDependency */ = {
			isa = PBXTargetDependency;
			target = 17B40F7B2238D60700C8882D /* Task */;
			targetProxy = 17B40F912238D60800C8882D /* PBXContainerItemProxy */;
		};
/* End PBXTargetDependency section */

/* Begin PBXVariantGroup section */
		17B40F832238D60700C8882D /* Main.storyboard */ = {
			isa = PBXVariantGroup;
			children = (
				17B40F842238D60700C8882D /* Base */,
			);
			name = Main.storyboard;
			sourceTree = "<group>";
		};
		17B40F882238D60800C8882D /* LaunchScreen.storyboard */ = {
			isa = PBXVariantGroup;
			children = (
				17B40F892238D60800C8882D /* Base */,
			);
			name = LaunchScreen.storyboard;
			sourceTree = "<group>";
		};
/* End PBXVariantGroup section */

/* Begin XCBuildConfiguration section */
		17B40FA22238D60800C8882D /* Debug */ = {
			isa = XCBuildConfiguration;
			buildSettings = {
				ALWAYS_SEARCH_USER_PATHS = NO;
				CLANG_ANALYZER_NONNULL = YES;
				CLANG_ANALYZER_NUMBER_OBJECT_CONVERSION = YES_AGGRESSIVE;
				CLANG_CXX_LANGUAGE_STANDARD = "gnu++14";
				CLANG_CXX_LIBRARY = "libc++";
				CLANG_ENABLE_MODULES = YES;
				CLANG_ENABLE_OBJC_ARC = YES;
				CLANG_ENABLE_OBJC_WEAK = YES;
				CLANG_WARN_BLOCK_CAPTURE_AUTORELEASING = YES;
				CLANG_WARN_BOOL_CONVERSION = YES;
				CLANG_WARN_COMMA = YES;
				CLANG_WARN_CONSTANT_CONVERSION = YES;
				CLANG_WARN_DEPRECATED_OBJC_IMPLEMENTATIONS = YES;
				CLANG_WARN_DIRECT_OBJC_ISA_USAGE = YES_ERROR;
				CLANG_WARN_DOCUMENTATION_COMMENTS = YES;
				CLANG_WARN_EMPTY_BODY = YES;
				CLANG_WARN_ENUM_CONVERSION = YES;
				CLANG_WARN_INFINITE_RECURSION = YES;
				CLANG_WARN_INT_CONVERSION = YES;
				CLANG_WARN_NON_LITERAL_NULL_CONVERSION = YES;
				CLANG_WARN_OBJC_IMPLICIT_RETAIN_SELF = YES;
				CLANG_WARN_OBJC_LITERAL_CONVERSION = YES;
				CLANG_WARN_OBJC_ROOT_CLASS = YES_ERROR;
				CLANG_WARN_RANGE_LOOP_ANALYSIS = YES;
				CLANG_WARN_STRICT_PROTOTYPES = YES;
				CLANG_WARN_SUSPICIOUS_MOVE = YES;
				CLANG_WARN_UNGUARDED_AVAILABILITY = YES_AGGRESSIVE;
				CLANG_WARN_UNREACHABLE_CODE = YES;
				CLANG_WARN__DUPLICATE_METHOD_MATCH = YES;
				CODE_SIGN_IDENTITY = "iPhone Developer";
				COPY_PHASE_STRIP = NO;
				DEBUG_INFORMATION_FORMAT = dwarf;
				ENABLE_STRICT_OBJC_MSGSEND = YES;
				ENABLE_TESTABILITY = YES;
				GCC_C_LANGUAGE_STANDARD = gnu11;
				GCC_DYNAMIC_NO_PIC = NO;
				GCC_NO_COMMON_BLOCKS = YES;
				GCC_OPTIMIZATION_LEVEL = 0;
				GCC_PREPROCESSOR_DEFINITIONS = (
					"DEBUG=1",
					"$(inherited)",
				);
				GCC_WARN_64_TO_32_BIT_CONVERSION = YES;
				GCC_WARN_ABOUT_RETURN_TYPE = YES_ERROR;
				GCC_WARN_UNDECLARED_SELECTOR = YES;
				GCC_WARN_UNINITIALIZED_AUTOS = YES_AGGRESSIVE;
				GCC_WARN_UNUSED_FUNCTION = YES;
				GCC_WARN_UNUSED_VARIABLE = YES;
				IPHONEOS_DEPLOYMENT_TARGET = 12.1;
				MTL_ENABLE_DEBUG_INFO = INCLUDE_SOURCE;
				MTL_FAST_MATH = YES;
				ONLY_ACTIVE_ARCH = YES;
				SDKROOT = iphoneos;
				SWIFT_ACTIVE_COMPILATION_CONDITIONS = DEBUG;
				SWIFT_OPTIMIZATION_LEVEL = "-Onone";
			};
			name = Debug;
		};
		17B40FA32238D60800C8882D /* Release */ = {
			isa = XCBuildConfiguration;
			buildSettings = {
				ALWAYS_SEARCH_USER_PATHS = NO;
				CLANG_ANALYZER_NONNULL = YES;
				CLANG_ANALYZER_NUMBER_OBJECT_CONVERSION = YES_AGGRESSIVE;
				CLANG_CXX_LANGUAGE_STANDARD = "gnu++14";
				CLANG_CXX_LIBRARY = "libc++";
				CLANG_ENABLE_MODULES = YES;
				CLANG_ENABLE_OBJC_ARC = YES;
				CLANG_ENABLE_OBJC_WEAK = YES;
				CLANG_WARN_BLOCK_CAPTURE_AUTORELEASING = YES;
				CLANG_WARN_BOOL_CONVERSION = YES;
				CLANG_WARN_COMMA = YES;
				CLANG_WARN_CONSTANT_CONVERSION = YES;
				CLANG_WARN_DEPRECATED_OBJC_IMPLEMENTATIONS = YES;
				CLANG_WARN_DIRECT_OBJC_ISA_USAGE = YES_ERROR;
				CLANG_WARN_DOCUMENTATION_COMMENTS = YES;
				CLANG_WARN_EMPTY_BODY = YES;
				CLANG_WARN_ENUM_CONVERSION = YES;
				CLANG_WARN_INFINITE_RECURSION = YES;
				CLANG_WARN_INT_CONVERSION = YES;
				CLANG_WARN_NON_LITERAL_NULL_CONVERSION = YES;
				CLANG_WARN_OBJC_IMPLICIT_RETAIN_SELF = YES;
				CLANG_WARN_OBJC_LITERAL_CONVERSION = YES;
				CLANG_WARN_OBJC_ROOT_CLASS = YES_ERROR;
				CLANG_WARN_RANGE_LOOP_ANALYSIS = YES;
				CLANG_WARN_STRICT_PROTOTYPES = YES;
				CLANG_WARN_SUSPICIOUS_MOVE = YES;
				CLANG_WARN_UNGUARDED_AVAILABILITY = YES_AGGRESSIVE;
				CLANG_WARN_UNREACHABLE_CODE = YES;
				CLANG_WARN__DUPLICATE_METHOD_MATCH = YES;
				CODE_SIGN_IDENTITY = "iPhone Developer";
				COPY_PHASE_STRIP = NO;
				DEBUG_INFORMATION_FORMAT = "dwarf-with-dsym";
				ENABLE_NS_ASSERTIONS = NO;
				ENABLE_STRICT_OBJC_MSGSEND = YES;
				GCC_C_LANGUAGE_STANDARD = gnu11;
				GCC_NO_COMMON_BLOCKS = YES;
				GCC_WARN_64_TO_32_BIT_CONVERSION = YES;
				GCC_WARN_ABOUT_RETURN_TYPE = YES_ERROR;
				GCC_WARN_UNDECLARED_SELECTOR = YES;
				GCC_WARN_UNINITIALIZED_AUTOS = YES_AGGRESSIVE;
				GCC_WARN_UNUSED_FUNCTION = YES;
				GCC_WARN_UNUSED_VARIABLE = YES;
				IPHONEOS_DEPLOYMENT_TARGET = 12.1;
				MTL_ENABLE_DEBUG_INFO = NO;
				MTL_FAST_MATH = YES;
				SDKROOT = iphoneos;
				SWIFT_COMPILATION_MODE = wholemodule;
				SWIFT_OPTIMIZATION_LEVEL = "-O";
				VALIDATE_PRODUCT = YES;
			};
			name = Release;
		};
		17B40FA52238D60800C8882D /* Debug */ = {
			isa = XCBuildConfiguration;
			baseConfigurationReference = 3322CF69D2CF7A117CC68618 /* Pods-Task.debug.xcconfig */;
			buildSettings = {
				ASSETCATALOG_COMPILER_APPICON_NAME = AppIcon;
				CODE_SIGN_STYLE = Automatic;
				DEVELOPMENT_TEAM = A472P7J2T6;
				INFOPLIST_FILE = Task/Info.plist;
				IPHONEOS_DEPLOYMENT_TARGET = 10.0;
				LD_RUNPATH_SEARCH_PATHS = (
					"$(inherited)",
					"@executable_path/Frameworks",
				);
				PRODUCT_BUNDLE_IDENTIFIER = com.habib.Task;
				PRODUCT_NAME = "$(TARGET_NAME)";
				SWIFT_VERSION = 4.2;
				TARGETED_DEVICE_FAMILY = "1,2";
			};
			name = Debug;
		};
		17B40FA62238D60800C8882D /* Release */ = {
			isa = XCBuildConfiguration;
			baseConfigurationReference = 63627722FC34CBF3526A721D /* Pods-Task.release.xcconfig */;
			buildSettings = {
				ASSETCATALOG_COMPILER_APPICON_NAME = AppIcon;
				CODE_SIGN_STYLE = Automatic;
				DEVELOPMENT_TEAM = A472P7J2T6;
				INFOPLIST_FILE = Task/Info.plist;
				IPHONEOS_DEPLOYMENT_TARGET = 10.0;
				LD_RUNPATH_SEARCH_PATHS = (
					"$(inherited)",
					"@executable_path/Frameworks",
				);
				PRODUCT_BUNDLE_IDENTIFIER = com.habib.Task;
				PRODUCT_NAME = "$(TARGET_NAME)";
				SWIFT_VERSION = 4.2;
				TARGETED_DEVICE_FAMILY = "1,2";
			};
			name = Release;
		};
		17B40FA82238D60800C8882D /* Debug */ = {
			isa = XCBuildConfiguration;
			baseConfigurationReference = 93116BAAC34CB83AB1D1B305 /* Pods-TaskTests.debug.xcconfig */;
			buildSettings = {
				ALWAYS_EMBED_SWIFT_STANDARD_LIBRARIES = YES;
				BUNDLE_LOADER = "$(TEST_HOST)";
				CODE_SIGN_STYLE = Automatic;
				DEVELOPMENT_TEAM = A472P7J2T6;
				INFOPLIST_FILE = TaskTests/Info.plist;
				LD_RUNPATH_SEARCH_PATHS = (
					"$(inherited)",
					"@executable_path/Frameworks",
					"@loader_path/Frameworks",
				);
				PRODUCT_BUNDLE_IDENTIFIER = com.habib.TaskTests;
				PRODUCT_NAME = "$(TARGET_NAME)";
				SWIFT_VERSION = 4.2;
				TARGETED_DEVICE_FAMILY = "1,2";
				TEST_HOST = "$(BUILT_PRODUCTS_DIR)/Task.app/Task";
			};
			name = Debug;
		};
		17B40FA92238D60800C8882D /* Release */ = {
			isa = XCBuildConfiguration;
			baseConfigurationReference = F3178E45FECC180951721F6A /* Pods-TaskTests.release.xcconfig */;
			buildSettings = {
				ALWAYS_EMBED_SWIFT_STANDARD_LIBRARIES = YES;
				BUNDLE_LOADER = "$(TEST_HOST)";
				CODE_SIGN_STYLE = Automatic;
				DEVELOPMENT_TEAM = A472P7J2T6;
				INFOPLIST_FILE = TaskTests/Info.plist;
				LD_RUNPATH_SEARCH_PATHS = (
					"$(inherited)",
					"@executable_path/Frameworks",
					"@loader_path/Frameworks",
				);
				PRODUCT_BUNDLE_IDENTIFIER = com.habib.TaskTests;
				PRODUCT_NAME = "$(TARGET_NAME)";
				SWIFT_VERSION = 4.2;
				TARGETED_DEVICE_FAMILY = "1,2";
				TEST_HOST = "$(BUILT_PRODUCTS_DIR)/Task.app/Task";
			};
			name = Release;
		};
/* End XCBuildConfiguration section */

/* Begin XCConfigurationList section */
		17B40F772238D60700C8882D /* Build configuration list for PBXProject "Task" */ = {
			isa = XCConfigurationList;
			buildConfigurations = (
				17B40FA22238D60800C8882D /* Debug */,
				17B40FA32238D60800C8882D /* Release */,
			);
			defaultConfigurationIsVisible = 0;
			defaultConfigurationName = Release;
		};
		17B40FA42238D60800C8882D /* Build configuration list for PBXNativeTarget "Task" */ = {
			isa = XCConfigurationList;
			buildConfigurations = (
				17B40FA52238D60800C8882D /* Debug */,
				17B40FA62238D60800C8882D /* Release */,
			);
			defaultConfigurationIsVisible = 0;
			defaultConfigurationName = Release;
		};
		17B40FA72238D60800C8882D /* Build configuration list for PBXNativeTarget "TaskTests" */ = {
			isa = XCConfigurationList;
			buildConfigurations = (
				17B40FA82238D60800C8882D /* Debug */,
				17B40FA92238D60800C8882D /* Release */,
			);
			defaultConfigurationIsVisible = 0;
			defaultConfigurationName = Release;
		};
/* End XCConfigurationList section */
	};
	rootObject = 17B40F742238D60700C8882D /* Project object */;
}
